
Microsoft Visual Studio Solution File, Format Version 12.00
# Visual Studio Version 16
VisualStudioVersion = 16.0.30804.86
MinimumVisualStudioVersion = 10.0.40219.1
Project("{9A19103F-16F7-4668-BE54-9A1E7A4F7556}") = "DungeonWorld.App", "DungeonWorld.App\DungeonWorld.App.csproj", "{EC1C2F65-A682-4B69-90BF-10C3945E01B9}"
EndProject
Project("{FAE04EC0-301F-11D3-BF4B-00C04F79EFBC}") = "DungeonWorld.Engine", "DungeonWorld.Engine\DungeonWorld.Engine.csproj", "{1A97E266-C43D-4735-974C-D7A74FFD9365}"
EndProject
Global
	GlobalSection(SolutionConfigurationPlatforms) = preSolution
		Debug|Any CPU = Debug|Any CPU
		Release|Any CPU = Release|Any CPU
	EndGlobalSection
	GlobalSection(ProjectConfigurationPlatforms) = postSolution
		{EC1C2F65-A682-4B69-90BF-10C3945E01B9}.Debug|Any CPU.ActiveCfg = Debug|Any CPU
		{EC1C2F65-A682-4B69-90BF-10C3945E01B9}.Debug|Any CPU.Build.0 = Debug|Any CPU
		{EC1C2F65-A682-4B69-90BF-10C3945E01B9}.Release|Any CPU.ActiveCfg = Release|Any CPU
		{EC1C2F65-A682-4B69-90BF-10C3945E01B9}.Release|Any CPU.Build.0 = Release|Any CPU
		{1A97E266-C43D-4735-974C-D7A74FFD9365}.Debug|Any CPU.ActiveCfg = Debug|Any CPU
		{1A97E266-C43D-4735-974C-D7A74FFD9365}.Debug|Any CPU.Build.0 = Debug|Any CPU
		{1A97E266-C43D-4735-974C-D7A74FFD9365}.Release|Any CPU.ActiveCfg = Release|Any CPU
		{1A97E266-C43D-4735-974C-D7A74FFD9365}.Release|Any CPU.Build.0 = Release|Any CPU
	EndGlobalSection
	GlobalSection(SolutionProperties) = preSolution
		HideSolutionNode = FALSE
	EndGlobalSection
	GlobalSection(ExtensibilityGlobals) = postSolution
		SolutionGuid = {BDE24AC7-3330-4D0A-A332-2F41BD25E0FF}
	EndGlobalSection
EndGlobal
